
Microsoft Visual Studio Solution File, Format Version 12.00
# Visual Studio Version 17
VisualStudioVersion = 17.3.32922.545
MinimumVisualStudioVersion = 10.0.40219.1
Project("{9A19103F-16F7-4668-BE54-9A1E7A4F7556}") = "Tumack14", "Tumack14\Tumack14.csproj", "{2F59DAB2-4A48-4CE0-BCFC-4A5C03FBE977}"
EndProject
Project("{9A19103F-16F7-4668-BE54-9A1E7A4F7556}") = "Tumack13", "Tumack13\Tumack13.csproj", "{EDE774D2-E379-4A03-AB01-E1FF178CC3E8}"
EndProject
Global
	GlobalSection(SolutionConfigurationPlatforms) = preSolution
		Debug|Any CPU = Debug|Any CPU
		Release|Any CPU = Release|Any CPU
	EndGlobalSection
	GlobalSection(ProjectConfigurationPlatforms) = postSolution
		{2F59DAB2-4A48-4CE0-BCFC-4A5C03FBE977}.Debug|Any CPU.ActiveCfg = Debug|Any CPU
		{2F59DAB2-4A48-4CE0-BCFC-4A5C03FBE977}.Debug|Any CPU.Build.0 = Debug|Any CPU
		{2F59DAB2-4A48-4CE0-BCFC-4A5C03FBE977}.Release|Any CPU.ActiveCfg = Release|Any CPU
		{2F59DAB2-4A48-4CE0-BCFC-4A5C03FBE977}.Release|Any CPU.Build.0 = Release|Any CPU
		{EDE774D2-E379-4A03-AB01-E1FF178CC3E8}.Debug|Any CPU.ActiveCfg = Debug|Any CPU
		{EDE774D2-E379-4A03-AB01-E1FF178CC3E8}.Debug|Any CPU.Build.0 = Debug|Any CPU
		{EDE774D2-E379-4A03-AB01-E1FF178CC3E8}.Release|Any CPU.ActiveCfg = Release|Any CPU
		{EDE774D2-E379-4A03-AB01-E1FF178CC3E8}.Release|Any CPU.Build.0 = Release|Any CPU
	EndGlobalSection
	GlobalSection(SolutionProperties) = preSolution
		HideSolutionNode = FALSE
	EndGlobalSection
	GlobalSection(ExtensibilityGlobals) = postSolution
		SolutionGuid = {3FD306B7-E439-4066-9AF3-232519BBDB7C}
	EndGlobalSection
EndGlobal
